
Microsoft Visual Studio Solution File, Format Version 12.00
# Visual Studio Version 17
VisualStudioVersion = 17.10.34818.151
MinimumVisualStudioVersion = 10.0.40219.1
Project("{9A19103F-16F7-4668-BE54-9A1E7A4F7556}") = "Bisku", "Bisku.csproj", "{56D21414-4F35-49BA-8F6A-DEF314DD30FF}"
EndProject
Global
	GlobalSection(SolutionConfigurationPlatforms) = preSolution
		Debug|Any CPU = Debug|Any CPU
		Release|Any CPU = Release|Any CPU
	EndGlobalSection
	GlobalSection(ProjectConfigurationPlatforms) = postSolution
		{56D21414-4F35-49BA-8F6A-DEF314DD30FF}.Debug|Any CPU.ActiveCfg = Debug|Any CPU
		{56D21414-4F35-49BA-8F6A-DEF314DD30FF}.Debug|Any CPU.Build.0 = Debug|Any CPU
		{56D21414-4F35-49BA-8F6A-DEF314DD30FF}.Release|Any CPU.ActiveCfg = Release|Any CPU
		{56D21414-4F35-49BA-8F6A-DEF314DD30FF}.Release|Any CPU.Build.0 = Release|Any CPU
	EndGlobalSection
	GlobalSection(SolutionProperties) = preSolution
		HideSolutionNode = FALSE
	EndGlobalSection
	GlobalSection(ExtensibilityGlobals) = postSolution
		SolutionGuid = {C71CFF7F-4A48-4560-B10F-402677D02BFA}
	EndGlobalSection
EndGlobal
